Microsoft Visual Studio Solution File, Format Version 12.00
# Visual Studio 15
Project("{8BC9CEB8-8B4A-11D0-8D11-00A0C91BC942}") = "ALL_BUILD", "ALL_BUILD.vcxproj", "{2174B195-EBD9-3242-A051-F14063C2094C}"
	ProjectSection(ProjectDependencies) = postProject
		{1758EA94-FDFF-3AA1-B572-8A53FE987610} = {1758EA94-FDFF-3AA1-B572-8A53FE987610}
		{1F7D88FC-0BC6-3483-AC44-45FEFDCD6AA4} = {1F7D88FC-0BC6-3483-AC44-45FEFDCD6AA4}
		{CFAD6F6A-5C54-3782-B33D-A479AE9774D1} = {CFAD6F6A-5C54-3782-B33D-A479AE9774D1}
		{F61573D1-8B9F-3FD8-8B1D-2053E39D5759} = {F61573D1-8B9F-3FD8-8B1D-2053E39D5759}
		{6649BC47-4983-3B12-B427-8E6D44D7D07A} = {6649BC47-4983-3B12-B427-8E6D44D7D07A}
		{2B9AB77E-AEFC-3552-BB33-CC4FCEC94DE2} = {2B9AB77E-AEFC-3552-BB33-CC4FCEC94DE2}
		{3C6E531F-43DC-3919-BECD-17954F89CE67} = {3C6E531F-43DC-3919-BECD-17954F89CE67}
		{4E260DB2-2B79-3975-8100-5ED86A7F0249} = {4E260DB2-2B79-3975-8100-5ED86A7F0249}
		{28102FF8-109D-3117-9B25-F8FE287C9CF0} = {28102FF8-109D-3117-9B25-F8FE287C9CF0}
		{87511784-74C1-3AC3-86DB-8B632D5D4350} = {87511784-74C1-3AC3-86DB-8B632D5D4350}
		{CDF1EC57-3F6C-31E3-A27B-F2E7D3838B61} = {CDF1EC57-3F6C-31E3-A27B-F2E7D3838B61}
		{C2616825-F1D2-3EA4-A52D-8FAC93908685} = {C2616825-F1D2-3EA4-A52D-8FAC93908685}
		{8EA2EA32-5288-358C-A2E7-FC970D4644DD} = {8EA2EA32-5288-358C-A2E7-FC970D4644DD}
		{B3E615ED-5030-3D36-B275-C4E4510E70F3} = {B3E615ED-5030-3D36-B275-C4E4510E70F3}
		{6E40D943-18CF-3EA8-88E2-CA163DBE451E} = {6E40D943-18CF-3EA8-88E2-CA163DBE451E}
		{E187543C-D9C9-3BFF-B172-35EE0B76570A} = {E187543C-D9C9-3BFF-B172-35EE0B76570A}
		{3436D3FD-FADC-3DB7-B46B-509FBAA903AA} = {3436D3FD-FADC-3DB7-B46B-509FBAA903AA}
		{79B4B1F8-2BAA-3F74-B717-287E30321F5A} = {79B4B1F8-2BAA-3F74-B717-287E30321F5A}
		{AEF2541D-5AF4-342B-8039-D80167C20174} = {AEF2541D-5AF4-342B-8039-D80167C20174}
	EndProjectSection
EndProject
Project("{8BC9CEB8-8B4A-11D0-8D11-00A0C91BC942}") = "INSTALL", "INSTALL.vcxproj", "{179D449C-31C5-312A-893A-7EE4F2461D1D}"
	ProjectSection(ProjectDependencies) = postProject
		{2174B195-EBD9-3242-A051-F14063C2094C} = {2174B195-EBD9-3242-A051-F14063C2094C}
		{4E260DB2-2B79-3975-8100-5ED86A7F0249} = {4E260DB2-2B79-3975-8100-5ED86A7F0249}
	EndProjectSection
EndProject
Project("{8BC9CEB8-8B4A-11D0-8D11-00A0C91BC942}") = "MDK", "ModuleDevelopmentKit\MDK.vcxproj", "{1758EA94-FDFF-3AA1-B572-8A53FE987610}"
	ProjectSection(ProjectDependencies) = postProject
		{4E260DB2-2B79-3975-8100-5ED86A7F0249} = {4E260DB2-2B79-3975-8100-5ED86A7F0249}
		{CDF1EC57-3F6C-31E3-A27B-F2E7D3838B61} = {CDF1EC57-3F6C-31E3-A27B-F2E7D3838B61}
		{C2616825-F1D2-3EA4-A52D-8FAC93908685} = {C2616825-F1D2-3EA4-A52D-8FAC93908685}
		{3436D3FD-FADC-3DB7-B46B-509FBAA903AA} = {3436D3FD-FADC-3DB7-B46B-509FBAA903AA}
		{AEF2541D-5AF4-342B-8039-D80167C20174} = {AEF2541D-5AF4-342B-8039-D80167C20174}
	EndProjectSection
EndProject
Project("{8BC9CEB8-8B4A-11D0-8D11-00A0C91BC942}") = "MasterServer", "MasterServer\MasterServer.vcxproj", "{1F7D88FC-0BC6-3483-AC44-45FEFDCD6AA4}"
	ProjectSection(ProjectDependencies) = postProject
		{1758EA94-FDFF-3AA1-B572-8A53FE987610} = {1758EA94-FDFF-3AA1-B572-8A53FE987610}
		{4E260DB2-2B79-3975-8100-5ED86A7F0249} = {4E260DB2-2B79-3975-8100-5ED86A7F0249}
		{CDF1EC57-3F6C-31E3-A27B-F2E7D3838B61} = {CDF1EC57-3F6C-31E3-A27B-F2E7D3838B61}
		{C2616825-F1D2-3EA4-A52D-8FAC93908685} = {C2616825-F1D2-3EA4-A52D-8FAC93908685}
		{3436D3FD-FADC-3DB7-B46B-509FBAA903AA} = {3436D3FD-FADC-3DB7-B46B-509FBAA903AA}
		{AEF2541D-5AF4-342B-8039-D80167C20174} = {AEF2541D-5AF4-342B-8039-D80167C20174}
	EndProjectSection
EndProject
Project("{8BC9CEB8-8B4A-11D0-8D11-00A0C91BC942}") = "NatNeg", "RetroSpyServer\natneg\NatNeg.vcxproj", "{CFAD6F6A-5C54-3782-B33D-A479AE9774D1}"
	ProjectSection(ProjectDependencies) = postProject
		{1758EA94-FDFF-3AA1-B572-8A53FE987610} = {1758EA94-FDFF-3AA1-B572-8A53FE987610}
		{3C6E531F-43DC-3919-BECD-17954F89CE67} = {3C6E531F-43DC-3919-BECD-17954F89CE67}
		{4E260DB2-2B79-3975-8100-5ED86A7F0249} = {4E260DB2-2B79-3975-8100-5ED86A7F0249}
		{CDF1EC57-3F6C-31E3-A27B-F2E7D3838B61} = {CDF1EC57-3F6C-31E3-A27B-F2E7D3838B61}
		{C2616825-F1D2-3EA4-A52D-8FAC93908685} = {C2616825-F1D2-3EA4-A52D-8FAC93908685}
		{3436D3FD-FADC-3DB7-B46B-509FBAA903AA} = {3436D3FD-FADC-3DB7-B46B-509FBAA903AA}
		{AEF2541D-5AF4-342B-8039-D80167C20174} = {AEF2541D-5AF4-342B-8039-D80167C20174}
	EndProjectSection
EndProject
Project("{8BC9CEB8-8B4A-11D0-8D11-00A0C91BC942}") = "PACKAGE", "PACKAGE.vcxproj", "{9EE004F1-3C16-3BCC-9DE3-03360FD82895}"
	ProjectSection(ProjectDependencies) = postProject
		{2174B195-EBD9-3242-A051-F14063C2094C} = {2174B195-EBD9-3242-A051-F14063C2094C}
		{4E260DB2-2B79-3975-8100-5ED86A7F0249} = {4E260DB2-2B79-3975-8100-5ED86A7F0249}
	EndProjectSection
EndProject
Project("{8BC9CEB8-8B4A-11D0-8D11-00A0C91BC942}") = "PlayerSearch", "RetroSpyServer\playersearch\PlayerSearch.vcxproj", "{F61573D1-8B9F-3FD8-8B1D-2053E39D5759}"
	ProjectSection(ProjectDependencies) = postProject
		{1758EA94-FDFF-3AA1-B572-8A53FE987610} = {1758EA94-FDFF-3AA1-B572-8A53FE987610}
		{3C6E531F-43DC-3919-BECD-17954F89CE67} = {3C6E531F-43DC-3919-BECD-17954F89CE67}
		{4E260DB2-2B79-3975-8100-5ED86A7F0249} = {4E260DB2-2B79-3975-8100-5ED86A7F0249}
		{CDF1EC57-3F6C-31E3-A27B-F2E7D3838B61} = {CDF1EC57-3F6C-31E3-A27B-F2E7D3838B61}
		{C2616825-F1D2-3EA4-A52D-8FAC93908685} = {C2616825-F1D2-3EA4-A52D-8FAC93908685}
		{3436D3FD-FADC-3DB7-B46B-509FBAA903AA} = {3436D3FD-FADC-3DB7-B46B-509FBAA903AA}
		{AEF2541D-5AF4-342B-8039-D80167C20174} = {AEF2541D-5AF4-342B-8039-D80167C20174}
	EndProjectSection
EndProject
Project("{8BC9CEB8-8B4A-11D0-8D11-00A0C91BC942}") = "PlayerSpy", "RetroSpyServer\playerspy\PlayerSpy.vcxproj", "{6649BC47-4983-3B12-B427-8E6D44D7D07A}"
	ProjectSection(ProjectDependencies) = postProject
		{1758EA94-FDFF-3AA1-B572-8A53FE987610} = {1758EA94-FDFF-3AA1-B572-8A53FE987610}
		{3C6E531F-43DC-3919-BECD-17954F89CE67} = {3C6E531F-43DC-3919-BECD-17954F89CE67}
		{4E260DB2-2B79-3975-8100-5ED86A7F0249} = {4E260DB2-2B79-3975-8100-5ED86A7F0249}
		{CDF1EC57-3F6C-31E3-A27B-F2E7D3838B61} = {CDF1EC57-3F6C-31E3-A27B-F2E7D3838B61}
		{C2616825-F1D2-3EA4-A52D-8FAC93908685} = {C2616825-F1D2-3EA4-A52D-8FAC93908685}
		{3436D3FD-FADC-3DB7-B46B-509FBAA903AA} = {3436D3FD-FADC-3DB7-B46B-509FBAA903AA}
		{AEF2541D-5AF4-342B-8039-D80167C20174} = {AEF2541D-5AF4-342B-8039-D80167C20174}
	EndProjectSection
EndProject
Project("{8BC9CEB8-8B4A-11D0-8D11-00A0C91BC942}") = "QueryReport2", "RetroSpyServer\queryreport2\QueryReport2.vcxproj", "{2B9AB77E-AEFC-3552-BB33-CC4FCEC94DE2}"
	ProjectSection(ProjectDependencies) = postProject
		{1758EA94-FDFF-3AA1-B572-8A53FE987610} = {1758EA94-FDFF-3AA1-B572-8A53FE987610}
		{3C6E531F-43DC-3919-BECD-17954F89CE67} = {3C6E531F-43DC-3919-BECD-17954F89CE67}
		{4E260DB2-2B79-3975-8100-5ED86A7F0249} = {4E260DB2-2B79-3975-8100-5ED86A7F0249}
		{CDF1EC57-3F6C-31E3-A27B-F2E7D3838B61} = {CDF1EC57-3F6C-31E3-A27B-F2E7D3838B61}
		{C2616825-F1D2-3EA4-A52D-8FAC93908685} = {C2616825-F1D2-3EA4-A52D-8FAC93908685}
		{3436D3FD-FADC-3DB7-B46B-509FBAA903AA} = {3436D3FD-FADC-3DB7-B46B-509FBAA903AA}
		{AEF2541D-5AF4-342B-8039-D80167C20174} = {AEF2541D-5AF4-342B-8039-D80167C20174}
	EndProjectSection
EndProject
Project("{8BC9CEB8-8B4A-11D0-8D11-00A0C91BC942}") = "RetroSpyCommon", "RetroSpyServer\common\RetroSpyCommon.vcxproj", "{3C6E531F-43DC-3919-BECD-17954F89CE67}"
	ProjectSection(ProjectDependencies) = postProject
		{1758EA94-FDFF-3AA1-B572-8A53FE987610} = {1758EA94-FDFF-3AA1-B572-8A53FE987610}
		{4E260DB2-2B79-3975-8100-5ED86A7F0249} = {4E260DB2-2B79-3975-8100-5ED86A7F0249}
		{CDF1EC57-3F6C-31E3-A27B-F2E7D3838B61} = {CDF1EC57-3F6C-31E3-A27B-F2E7D3838B61}
		{C2616825-F1D2-3EA4-A52D-8FAC93908685} = {C2616825-F1D2-3EA4-A52D-8FAC93908685}
		{3436D3FD-FADC-3DB7-B46B-509FBAA903AA} = {3436D3FD-FADC-3DB7-B46B-509FBAA903AA}
		{AEF2541D-5AF4-342B-8039-D80167C20174} = {AEF2541D-5AF4-342B-8039-D80167C20174}
	EndProjectSection
EndProject
Project("{8BC9CEB8-8B4A-11D0-8D11-00A0C91BC942}") = "ZERO_CHECK", "ZERO_CHECK.vcxproj", "{4E260DB2-2B79-3975-8100-5ED86A7F0249}"
	ProjectSection(ProjectDependencies) = postProject
	EndProjectSection
EndProject
Project("{8BC9CEB8-8B4A-11D0-8D11-00A0C91BC942}") = "auth_gssapi_client", "ModuleDevelopmentKit\mariadb-connector-c\auth_gssapi_client.vcxproj", "{28102FF8-109D-3117-9B25-F8FE287C9CF0}"
	ProjectSection(ProjectDependencies) = postProject
		{4E260DB2-2B79-3975-8100-5ED86A7F0249} = {4E260DB2-2B79-3975-8100-5ED86A7F0249}
	EndProjectSection
EndProject
Project("{8BC9CEB8-8B4A-11D0-8D11-00A0C91BC942}") = "dialog", "ModuleDevelopmentKit\mariadb-connector-c\dialog.vcxproj", "{87511784-74C1-3AC3-86DB-8B632D5D4350}"
	ProjectSection(ProjectDependencies) = postProject
		{4E260DB2-2B79-3975-8100-5ED86A7F0249} = {4E260DB2-2B79-3975-8100-5ED86A7F0249}
	EndProjectSection
EndProject
Project("{8BC9CEB8-8B4A-11D0-8D11-00A0C91BC942}") = "libmariadb", "ModuleDevelopmentKit\mariadb-connector-c\libmariadb\libmariadb.vcxproj", "{CDF1EC57-3F6C-31E3-A27B-F2E7D3838B61}"
	ProjectSection(ProjectDependencies) = postProject
		{4E260DB2-2B79-3975-8100-5ED86A7F0249} = {4E260DB2-2B79-3975-8100-5ED86A7F0249}
		{C2616825-F1D2-3EA4-A52D-8FAC93908685} = {C2616825-F1D2-3EA4-A52D-8FAC93908685}
	EndProjectSection
EndProject
Project("{8BC9CEB8-8B4A-11D0-8D11-00A0C91BC942}") = "mariadbclient", "ModuleDevelopmentKit\mariadb-connector-c\libmariadb\mariadbclient.vcxproj", "{C2616825-F1D2-3EA4-A52D-8FAC93908685}"
	ProjectSection(ProjectDependencies) = postProject
		{4E260DB2-2B79-3975-8100-5ED86A7F0249} = {4E260DB2-2B79-3975-8100-5ED86A7F0249}
	EndProjectSection
EndProject
Project("{8BC9CEB8-8B4A-11D0-8D11-00A0C91BC942}") = "mysql_clear_password", "ModuleDevelopmentKit\mariadb-connector-c\mysql_clear_password.vcxproj", "{8EA2EA32-5288-358C-A2E7-FC970D4644DD}"
	ProjectSection(ProjectDependencies) = postProject
		{4E260DB2-2B79-3975-8100-5ED86A7F0249} = {4E260DB2-2B79-3975-8100-5ED86A7F0249}
	EndProjectSection
EndProject
Project("{8BC9CEB8-8B4A-11D0-8D11-00A0C91BC942}") = "pvio_npipe", "ModuleDevelopmentKit\mariadb-connector-c\pvio_npipe.vcxproj", "{B3E615ED-5030-3D36-B275-C4E4510E70F3}"
	ProjectSection(ProjectDependencies) = postProject
		{4E260DB2-2B79-3975-8100-5ED86A7F0249} = {4E260DB2-2B79-3975-8100-5ED86A7F0249}
	EndProjectSection
EndProject
Project("{8BC9CEB8-8B4A-11D0-8D11-00A0C91BC942}") = "pvio_shmem", "ModuleDevelopmentKit\mariadb-connector-c\pvio_shmem.vcxproj", "{6E40D943-18CF-3EA8-88E2-CA163DBE451E}"
	ProjectSection(ProjectDependencies) = postProject
		{4E260DB2-2B79-3975-8100-5ED86A7F0249} = {4E260DB2-2B79-3975-8100-5ED86A7F0249}
	EndProjectSection
EndProject
Project("{8BC9CEB8-8B4A-11D0-8D11-00A0C91BC942}") = "sha256_password", "ModuleDevelopmentKit\mariadb-connector-c\sha256_password.vcxproj", "{E187543C-D9C9-3BFF-B172-35EE0B76570A}"
	ProjectSection(ProjectDependencies) = postProject
		{4E260DB2-2B79-3975-8100-5ED86A7F0249} = {4E260DB2-2B79-3975-8100-5ED86A7F0249}
	EndProjectSection
EndProject
Project("{8BC9CEB8-8B4A-11D0-8D11-00A0C91BC942}") = "sqlite3", "ModuleDevelopmentKit\sqlite3\sqlite3.vcxproj", "{3436D3FD-FADC-3DB7-B46B-509FBAA903AA}"
	ProjectSection(ProjectDependencies) = postProject
		{4E260DB2-2B79-3975-8100-5ED86A7F0249} = {4E260DB2-2B79-3975-8100-5ED86A7F0249}
	EndProjectSection
EndProject
Project("{8BC9CEB8-8B4A-11D0-8D11-00A0C91BC942}") = "uv", "ModuleDevelopmentKit\libuv\uv.vcxproj", "{79B4B1F8-2BAA-3F74-B717-287E30321F5A}"
	ProjectSection(ProjectDependencies) = postProject
		{4E260DB2-2B79-3975-8100-5ED86A7F0249} = {4E260DB2-2B79-3975-8100-5ED86A7F0249}
	EndProjectSection
EndProject
Project("{8BC9CEB8-8B4A-11D0-8D11-00A0C91BC942}") = "uv_a", "ModuleDevelopmentKit\libuv\uv_a.vcxproj", "{AEF2541D-5AF4-342B-8039-D80167C20174}"
	ProjectSection(ProjectDependencies) = postProject
		{4E260DB2-2B79-3975-8100-5ED86A7F0249} = {4E260DB2-2B79-3975-8100-5ED86A7F0249}
	EndProjectSection
EndProject
Global
	GlobalSection(SolutionConfigurationPlatforms) = preSolution
		Debug|Win32 = Debug|Win32
		Release|Win32 = Release|Win32
		MinSizeRel|Win32 = MinSizeRel|Win32
		RelWithDebInfo|Win32 = RelWithDebInfo|Win32
	EndGlobalSection
	GlobalSection(ProjectConfigurationPlatforms) = postSolution
		{2174B195-EBD9-3242-A051-F14063C2094C}.Debug|Win32.ActiveCfg = Debug|Win32
		{2174B195-EBD9-3242-A051-F14063C2094C}.Debug|Win32.Build.0 = Debug|Win32
		{2174B195-EBD9-3242-A051-F14063C2094C}.Release|Win32.ActiveCfg = Release|Win32
		{2174B195-EBD9-3242-A051-F14063C2094C}.Release|Win32.Build.0 = Release|Win32
		{2174B195-EBD9-3242-A051-F14063C2094C}.MinSizeRel|Win32.ActiveCfg = MinSizeRel|Win32
		{2174B195-EBD9-3242-A051-F14063C2094C}.MinSizeRel|Win32.Build.0 = MinSizeRel|Win32
		{2174B195-EBD9-3242-A051-F14063C2094C}.RelWithDebInfo|Win32.ActiveCfg = RelWithDebInfo|Win32
		{2174B195-EBD9-3242-A051-F14063C2094C}.RelWithDebInfo|Win32.Build.0 = RelWithDebInfo|Win32
		{179D449C-31C5-312A-893A-7EE4F2461D1D}.Debug|Win32.ActiveCfg = Debug|Win32
		{179D449C-31C5-312A-893A-7EE4F2461D1D}.Release|Win32.ActiveCfg = Release|Win32
		{179D449C-31C5-312A-893A-7EE4F2461D1D}.MinSizeRel|Win32.ActiveCfg = MinSizeRel|Win32
		{179D449C-31C5-312A-893A-7EE4F2461D1D}.RelWithDebInfo|Win32.ActiveCfg = RelWithDebInfo|Win32
		{1758EA94-FDFF-3AA1-B572-8A53FE987610}.Debug|Win32.ActiveCfg = Debug|Win32
		{1758EA94-FDFF-3AA1-B572-8A53FE987610}.Debug|Win32.Build.0 = Debug|Win32
		{1758EA94-FDFF-3AA1-B572-8A53FE987610}.Release|Win32.ActiveCfg = Release|Win32
		{1758EA94-FDFF-3AA1-B572-8A53FE987610}.Release|Win32.Build.0 = Release|Win32
		{1758EA94-FDFF-3AA1-B572-8A53FE987610}.MinSizeRel|Win32.ActiveCfg = MinSizeRel|Win32
		{1758EA94-FDFF-3AA1-B572-8A53FE987610}.MinSizeRel|Win32.Build.0 = MinSizeRel|Win32
		{1758EA94-FDFF-3AA1-B572-8A53FE987610}.RelWithDebInfo|Win32.ActiveCfg = RelWithDebInfo|Win32
		{1758EA94-FDFF-3AA1-B572-8A53FE987610}.RelWithDebInfo|Win32.Build.0 = RelWithDebInfo|Win32
		{1F7D88FC-0BC6-3483-AC44-45FEFDCD6AA4}.Debug|Win32.ActiveCfg = Debug|Win32
		{1F7D88FC-0BC6-3483-AC44-45FEFDCD6AA4}.Debug|Win32.Build.0 = Debug|Win32
		{1F7D88FC-0BC6-3483-AC44-45FEFDCD6AA4}.Release|Win32.ActiveCfg = Release|Win32
		{1F7D88FC-0BC6-3483-AC44-45FEFDCD6AA4}.Release|Win32.Build.0 = Release|Win32
		{1F7D88FC-0BC6-3483-AC44-45FEFDCD6AA4}.MinSizeRel|Win32.ActiveCfg = MinSizeRel|Win32
		{1F7D88FC-0BC6-3483-AC44-45FEFDCD6AA4}.MinSizeRel|Win32.Build.0 = MinSizeRel|Win32
		{1F7D88FC-0BC6-3483-AC44-45FEFDCD6AA4}.RelWithDebInfo|Win32.ActiveCfg = RelWithDebInfo|Win32
		{1F7D88FC-0BC6-3483-AC44-45FEFDCD6AA4}.RelWithDebInfo|Win32.Build.0 = RelWithDebInfo|Win32
		{CFAD6F6A-5C54-3782-B33D-A479AE9774D1}.Debug|Win32.ActiveCfg = Debug|Win32
		{CFAD6F6A-5C54-3782-B33D-A479AE9774D1}.Debug|Win32.Build.0 = Debug|Win32
		{CFAD6F6A-5C54-3782-B33D-A479AE9774D1}.Release|Win32.ActiveCfg = Release|Win32
		{CFAD6F6A-5C54-3782-B33D-A479AE9774D1}.Release|Win32.Build.0 = Release|Win32
		{CFAD6F6A-5C54-3782-B33D-A479AE9774D1}.MinSizeRel|Win32.ActiveCfg = MinSizeRel|Win32
		{CFAD6F6A-5C54-3782-B33D-A479AE9774D1}.MinSizeRel|Win32.Build.0 = MinSizeRel|Win32
		{CFAD6F6A-5C54-3782-B33D-A479AE9774D1}.RelWithDebInfo|Win32.ActiveCfg = RelWithDebInfo|Win32
		{CFAD6F6A-5C54-3782-B33D-A479AE9774D1}.RelWithDebInfo|Win32.Build.0 = RelWithDebInfo|Win32
		{9EE004F1-3C16-3BCC-9DE3-03360FD82895}.Debug|Win32.ActiveCfg = Debug|Win32
		{9EE004F1-3C16-3BCC-9DE3-03360FD82895}.Release|Win32.ActiveCfg = Release|Win32
		{9EE004F1-3C16-3BCC-9DE3-03360FD82895}.MinSizeRel|Win32.ActiveCfg = MinSizeRel|Win32
		{9EE004F1-3C16-3BCC-9DE3-03360FD82895}.RelWithDebInfo|Win32.ActiveCfg = RelWithDebInfo|Win32
		{F61573D1-8B9F-3FD8-8B1D-2053E39D5759}.Debug|Win32.ActiveCfg = Debug|Win32
		{F61573D1-8B9F-3FD8-8B1D-2053E39D5759}.Debug|Win32.Build.0 = Debug|Win32
		{F61573D1-8B9F-3FD8-8B1D-2053E39D5759}.Release|Win32.ActiveCfg = Release|Win32
		{F61573D1-8B9F-3FD8-8B1D-2053E39D5759}.Release|Win32.Build.0 = Release|Win32
		{F61573D1-8B9F-3FD8-8B1D-2053E39D5759}.MinSizeRel|Win32.ActiveCfg = MinSizeRel|Win32
		{F61573D1-8B9F-3FD8-8B1D-2053E39D5759}.MinSizeRel|Win32.Build.0 = MinSizeRel|Win32
		{F61573D1-8B9F-3FD8-8B1D-2053E39D5759}.RelWithDebInfo|Win32.ActiveCfg = RelWithDebInfo|Win32
		{F61573D1-8B9F-3FD8-8B1D-2053E39D5759}.RelWithDebInfo|Win32.Build.0 = RelWithDebInfo|Win32
		{6649BC47-4983-3B12-B427-8E6D44D7D07A}.Debug|Win32.ActiveCfg = Debug|Win32
		{6649BC47-4983-3B12-B427-8E6D44D7D07A}.Debug|Win32.Build.0 = Debug|Win32
		{6649BC47-4983-3B12-B427-8E6D44D7D07A}.Release|Win32.ActiveCfg = Release|Win32
		{6649BC47-4983-3B12-B427-8E6D44D7D07A}.Release|Win32.Build.0 = Release|Win32
		{6649BC47-4983-3B12-B427-8E6D44D7D07A}.MinSizeRel|Win32.ActiveCfg = MinSizeRel|Win32
		{6649BC47-4983-3B12-B427-8E6D44D7D07A}.MinSizeRel|Win32.Build.0 = MinSizeRel|Win32
		{6649BC47-4983-3B12-B427-8E6D44D7D07A}.RelWithDebInfo|Win32.ActiveCfg = RelWithDebInfo|Win32
		{6649BC47-4983-3B12-B427-8E6D44D7D07A}.RelWithDebInfo|Win32.Build.0 = RelWithDebInfo|Win32
		{2B9AB77E-AEFC-3552-BB33-CC4FCEC94DE2}.Debug|Win32.ActiveCfg = Debug|Win32
		{2B9AB77E-AEFC-3552-BB33-CC4FCEC94DE2}.Debug|Win32.Build.0 = Debug|Win32
		{2B9AB77E-AEFC-3552-BB33-CC4FCEC94DE2}.Release|Win32.ActiveCfg = Release|Win32
		{2B9AB77E-AEFC-3552-BB33-CC4FCEC94DE2}.Release|Win32.Build.0 = Release|Win32
		{2B9AB77E-AEFC-3552-BB33-CC4FCEC94DE2}.MinSizeRel|Win32.ActiveCfg = MinSizeRel|Win32
		{2B9AB77E-AEFC-3552-BB33-CC4FCEC94DE2}.MinSizeRel|Win32.Build.0 = MinSizeRel|Win32
		{2B9AB77E-AEFC-3552-BB33-CC4FCEC94DE2}.RelWithDebInfo|Win32.ActiveCfg = RelWithDebInfo|Win32
		{2B9AB77E-AEFC-3552-BB33-CC4FCEC94DE2}.RelWithDebInfo|Win32.Build.0 = RelWithDebInfo|Win32
		{3C6E531F-43DC-3919-BECD-17954F89CE67}.Debug|Win32.ActiveCfg = Debug|Win32
		{3C6E531F-43DC-3919-BECD-17954F89CE67}.Debug|Win32.Build.0 = Debug|Win32
		{3C6E531F-43DC-3919-BECD-17954F89CE67}.Release|Win32.ActiveCfg = Release|Win32
		{3C6E531F-43DC-3919-BECD-17954F89CE67}.Release|Win32.Build.0 = Release|Win32
		{3C6E531F-43DC-3919-BECD-17954F89CE67}.MinSizeRel|Win32.ActiveCfg = MinSizeRel|Win32
		{3C6E531F-43DC-3919-BECD-17954F89CE67}.MinSizeRel|Win32.Build.0 = MinSizeRel|Win32
		{3C6E531F-43DC-3919-BECD-17954F89CE67}.RelWithDebInfo|Win32.ActiveCfg = RelWithDebInfo|Win32
		{3C6E531F-43DC-3919-BECD-17954F89CE67}.RelWithDebInfo|Win32.Build.0 = RelWithDebInfo|Win32
		{4E260DB2-2B79-3975-8100-5ED86A7F0249}.Debug|Win32.ActiveCfg = Debug|Win32
		{4E260DB2-2B79-3975-8100-5ED86A7F0249}.Debug|Win32.Build.0 = Debug|Win32
		{4E260DB2-2B79-3975-8100-5ED86A7F0249}.Release|Win32.ActiveCfg = Release|Win32
		{4E260DB2-2B79-3975-8100-5ED86A7F0249}.Release|Win32.Build.0 = Release|Win32
		{4E260DB2-2B79-3975-8100-5ED86A7F0249}.MinSizeRel|Win32.ActiveCfg = MinSizeRel|Win32
		{4E260DB2-2B79-3975-8100-5ED86A7F0249}.MinSizeRel|Win32.Build.0 = MinSizeRel|Win32
		{4E260DB2-2B79-3975-8100-5ED86A7F0249}.RelWithDebInfo|Win32.ActiveCfg = RelWithDebInfo|Win32
		{4E260DB2-2B79-3975-8100-5ED86A7F0249}.RelWithDebInfo|Win32.Build.0 = RelWithDebInfo|Win32
		{28102FF8-109D-3117-9B25-F8FE287C9CF0}.Debug|Win32.ActiveCfg = Debug|Win32
		{28102FF8-109D-3117-9B25-F8FE287C9CF0}.Debug|Win32.Build.0 = Debug|Win32
		{28102FF8-109D-3117-9B25-F8FE287C9CF0}.Release|Win32.ActiveCfg = Release|Win32
		{28102FF8-109D-3117-9B25-F8FE287C9CF0}.Release|Win32.Build.0 = Release|Win32
		{28102FF8-109D-3117-9B25-F8FE287C9CF0}.MinSizeRel|Win32.ActiveCfg = MinSizeRel|Win32
		{28102FF8-109D-3117-9B25-F8FE287C9CF0}.MinSizeRel|Win32.Build.0 = MinSizeRel|Win32
		{28102FF8-109D-3117-9B25-F8FE287C9CF0}.RelWithDebInfo|Win32.ActiveCfg = RelWithDebInfo|Win32
		{28102FF8-109D-3117-9B25-F8FE287C9CF0}.RelWithDebInfo|Win32.Build.0 = RelWithDebInfo|Win32
		{87511784-74C1-3AC3-86DB-8B632D5D4350}.Debug|Win32.ActiveCfg = Debug|Win32
		{87511784-74C1-3AC3-86DB-8B632D5D4350}.Debug|Win32.Build.0 = Debug|Win32
		{87511784-74C1-3AC3-86DB-8B632D5D4350}.Release|Win32.ActiveCfg = Release|Win32
		{87511784-74C1-3AC3-86DB-8B632D5D4350}.Release|Win32.Build.0 = Release|Win32
		{87511784-74C1-3AC3-86DB-8B632D5D4350}.MinSizeRel|Win32.ActiveCfg = MinSizeRel|Win32
		{87511784-74C1-3AC3-86DB-8B632D5D4350}.MinSizeRel|Win32.Build.0 = MinSizeRel|Win32
		{87511784-74C1-3AC3-86DB-8B632D5D4350}.RelWithDebInfo|Win32.ActiveCfg = RelWithDebInfo|Win32
		{87511784-74C1-3AC3-86DB-8B632D5D4350}.RelWithDebInfo|Win32.Build.0 = RelWithDebInfo|Win32
		{CDF1EC57-3F6C-31E3-A27B-F2E7D3838B61}.Debug|Win32.ActiveCfg = Debug|Win32
		{CDF1EC57-3F6C-31E3-A27B-F2E7D3838B61}.Debug|Win32.Build.0 = Debug|Win32
		{CDF1EC57-3F6C-31E3-A27B-F2E7D3838B61}.Release|Win32.ActiveCfg = Release|Win32
		{CDF1EC57-3F6C-31E3-A27B-F2E7D3838B61}.Release|Win32.Build.0 = Release|Win32
		{CDF1EC57-3F6C-31E3-A27B-F2E7D3838B61}.MinSizeRel|Win32.ActiveCfg = MinSizeRel|Win32
		{CDF1EC57-3F6C-31E3-A27B-F2E7D3838B61}.MinSizeRel|Win32.Build.0 = MinSizeRel|Win32
		{CDF1EC57-3F6C-31E3-A27B-F2E7D3838B61}.RelWithDebInfo|Win32.ActiveCfg = RelWithDebInfo|Win32
		{CDF1EC57-3F6C-31E3-A27B-F2E7D3838B61}.RelWithDebInfo|Win32.Build.0 = RelWithDebInfo|Win32
		{C2616825-F1D2-3EA4-A52D-8FAC93908685}.Debug|Win32.ActiveCfg = Debug|Win32
		{C2616825-F1D2-3EA4-A52D-8FAC93908685}.Debug|Win32.Build.0 = Debug|Win32
		{C2616825-F1D2-3EA4-A52D-8FAC93908685}.Release|Win32.ActiveCfg = Release|Win32
		{C2616825-F1D2-3EA4-A52D-8FAC93908685}.Release|Win32.Build.0 = Release|Win32
		{C2616825-F1D2-3EA4-A52D-8FAC93908685}.MinSizeRel|Win32.ActiveCfg = MinSizeRel|Win32
		{C2616825-F1D2-3EA4-A52D-8FAC93908685}.MinSizeRel|Win32.Build.0 = MinSizeRel|Win32
		{C2616825-F1D2-3EA4-A52D-8FAC93908685}.RelWithDebInfo|Win32.ActiveCfg = RelWithDebInfo|Win32
		{C2616825-F1D2-3EA4-A52D-8FAC93908685}.RelWithDebInfo|Win32.Build.0 = RelWithDebInfo|Win32
		{8EA2EA32-5288-358C-A2E7-FC970D4644DD}.Debug|Win32.ActiveCfg = Debug|Win32
		{8EA2EA32-5288-358C-A2E7-FC970D4644DD}.Debug|Win32.Build.0 = Debug|Win32
		{8EA2EA32-5288-358C-A2E7-FC970D4644DD}.Release|Win32.ActiveCfg = Release|Win32
		{8EA2EA32-5288-358C-A2E7-FC970D4644DD}.Release|Win32.Build.0 = Release|Win32
		{8EA2EA32-5288-358C-A2E7-FC970D4644DD}.MinSizeRel|Win32.ActiveCfg = MinSizeRel|Win32
		{8EA2EA32-5288-358C-A2E7-FC970D4644DD}.MinSizeRel|Win32.Build.0 = MinSizeRel|Win32
		{8EA2EA32-5288-358C-A2E7-FC970D4644DD}.RelWithDebInfo|Win32.ActiveCfg = RelWithDebInfo|Win32
		{8EA2EA32-5288-358C-A2E7-FC970D4644DD}.RelWithDebInfo|Win32.Build.0 = RelWithDebInfo|Win32
		{B3E615ED-5030-3D36-B275-C4E4510E70F3}.Debug|Win32.ActiveCfg = Debug|Win32
		{B3E615ED-5030-3D36-B275-C4E4510E70F3}.Debug|Win32.Build.0 = Debug|Win32
		{B3E615ED-5030-3D36-B275-C4E4510E70F3}.Release|Win32.ActiveCfg = Release|Win32
		{B3E615ED-5030-3D36-B275-C4E4510E70F3}.Release|Win32.Build.0 = Release|Win32
		{B3E615ED-5030-3D36-B275-C4E4510E70F3}.MinSizeRel|Win32.ActiveCfg = MinSizeRel|Win32
		{B3E615ED-5030-3D36-B275-C4E4510E70F3}.MinSizeRel|Win32.Build.0 = MinSizeRel|Win32
		{B3E615ED-5030-3D36-B275-C4E4510E70F3}.RelWithDebInfo|Win32.ActiveCfg = RelWithDebInfo|Win32
		{B3E615ED-5030-3D36-B275-C4E4510E70F3}.RelWithDebInfo|Win32.Build.0 = RelWithDebInfo|Win32
		{6E40D943-18CF-3EA8-88E2-CA163DBE451E}.Debug|Win32.ActiveCfg = Debug|Win32
		{6E40D943-18CF-3EA8-88E2-CA163DBE451E}.Debug|Win32.Build.0 = Debug|Win32
		{6E40D943-18CF-3EA8-88E2-CA163DBE451E}.Release|Win32.ActiveCfg = Release|Win32
		{6E40D943-18CF-3EA8-88E2-CA163DBE451E}.Release|Win32.Build.0 = Release|Win32
		{6E40D943-18CF-3EA8-88E2-CA163DBE451E}.MinSizeRel|Win32.ActiveCfg = MinSizeRel|Win32
		{6E40D943-18CF-3EA8-88E2-CA163DBE451E}.MinSizeRel|Win32.Build.0 = MinSizeRel|Win32
		{6E40D943-18CF-3EA8-88E2-CA163DBE451E}.RelWithDebInfo|Win32.ActiveCfg = RelWithDebInfo|Win32
		{6E40D943-18CF-3EA8-88E2-CA163DBE451E}.RelWithDebInfo|Win32.Build.0 = RelWithDebInfo|Win32
		{E187543C-D9C9-3BFF-B172-35EE0B76570A}.Debug|Win32.ActiveCfg = Debug|Win32
		{E187543C-D9C9-3BFF-B172-35EE0B76570A}.Debug|Win32.Build.0 = Debug|Win32
		{E187543C-D9C9-3BFF-B172-35EE0B76570A}.Release|Win32.ActiveCfg = Release|Win32
		{E187543C-D9C9-3BFF-B172-35EE0B76570A}.Release|Win32.Build.0 = Release|Win32
		{E187543C-D9C9-3BFF-B172-35EE0B76570A}.MinSizeRel|Win32.ActiveCfg = MinSizeRel|Win32
		{E187543C-D9C9-3BFF-B172-35EE0B76570A}.MinSizeRel|Win32.Build.0 = MinSizeRel|Win32
		{E187543C-D9C9-3BFF-B172-35EE0B76570A}.RelWithDebInfo|Win32.ActiveCfg = RelWithDebInfo|Win32
		{E187543C-D9C9-3BFF-B172-35EE0B76570A}.RelWithDebInfo|Win32.Build.0 = RelWithDebInfo|Win32
		{3436D3FD-FADC-3DB7-B46B-509FBAA903AA}.Debug|Win32.ActiveCfg = Debug|Win32
		{3436D3FD-FADC-3DB7-B46B-509FBAA903AA}.Debug|Win32.Build.0 = Debug|Win32
		{3436D3FD-FADC-3DB7-B46B-509FBAA903AA}.Release|Win32.ActiveCfg = Release|Win32
		{3436D3FD-FADC-3DB7-B46B-509FBAA903AA}.Release|Win32.Build.0 = Release|Win32
		{3436D3FD-FADC-3DB7-B46B-509FBAA903AA}.MinSizeRel|Win32.ActiveCfg = MinSizeRel|Win32
		{3436D3FD-FADC-3DB7-B46B-509FBAA903AA}.MinSizeRel|Win32.Build.0 = MinSizeRel|Win32
		{3436D3FD-FADC-3DB7-B46B-509FBAA903AA}.RelWithDebInfo|Win32.ActiveCfg = RelWithDebInfo|Win32
		{3436D3FD-FADC-3DB7-B46B-509FBAA903AA}.RelWithDebInfo|Win32.Build.0 = RelWithDebInfo|Win32
		{79B4B1F8-2BAA-3F74-B717-287E30321F5A}.Debug|Win32.ActiveCfg = Debug|Win32
		{79B4B1F8-2BAA-3F74-B717-287E30321F5A}.Debug|Win32.Build.0 = Debug|Win32
		{79B4B1F8-2BAA-3F74-B717-287E30321F5A}.Release|Win32.ActiveCfg = Release|Win32
		{79B4B1F8-2BAA-3F74-B717-287E30321F5A}.Release|Win32.Build.0 = Release|Win32
		{79B4B1F8-2BAA-3F74-B717-287E30321F5A}.MinSizeRel|Win32.ActiveCfg = MinSizeRel|Win32
		{79B4B1F8-2BAA-3F74-B717-287E30321F5A}.MinSizeRel|Win32.Build.0 = MinSizeRel|Win32
		{79B4B1F8-2BAA-3F74-B717-287E30321F5A}.RelWithDebInfo|Win32.ActiveCfg = RelWithDebInfo|Win32
		{79B4B1F8-2BAA-3F74-B717-287E30321F5A}.RelWithDebInfo|Win32.Build.0 = RelWithDebInfo|Win32
		{AEF2541D-5AF4-342B-8039-D80167C20174}.Debug|Win32.ActiveCfg = Debug|Win32
		{AEF2541D-5AF4-342B-8039-D80167C20174}.Debug|Win32.Build.0 = Debug|Win32
		{AEF2541D-5AF4-342B-8039-D80167C20174}.Release|Win32.ActiveCfg = Release|Win32
		{AEF2541D-5AF4-342B-8039-D80167C20174}.Release|Win32.Build.0 = Release|Win32
		{AEF2541D-5AF4-342B-8039-D80167C20174}.MinSizeRel|Win32.ActiveCfg = MinSizeRel|Win32
		{AEF2541D-5AF4-342B-8039-D80167C20174}.MinSizeRel|Win32.Build.0 = MinSizeRel|Win32
		{AEF2541D-5AF4-342B-8039-D80167C20174}.RelWithDebInfo|Win32.ActiveCfg = RelWithDebInfo|Win32
		{AEF2541D-5AF4-342B-8039-D80167C20174}.RelWithDebInfo|Win32.Build.0 = RelWithDebInfo|Win32
	EndGlobalSection
	GlobalSection(ExtensibilityGlobals) = postSolution
		SolutionGuid = {ED33C2EA-26A5-3197-8D4E-4E7D94A1D783}
	EndGlobalSection
	GlobalSection(ExtensibilityAddIns) = postSolution
	EndGlobalSection
EndGlobal
