<?xml version="1.0" encoding="utf-8"?>
<Project ToolsVersion="15.0" xmlns="http://schemas.microsoft.com/developer/msbuild/2003">
  <ItemGroup>
    <CustomBuild Include="C:\Users\xiaojiuwo\Desktop\GameSpyEmulator\bulid_win32\CMakeFiles\cff318ccf512bc9095b2e47f3b1825b4\INSTALL_force.rule">
      <Filter>CMake Rules</Filter>
    </CustomBuild>
  </ItemGroup>
  <ItemGroup>
    <Filter Include="CMake Rules">
      <UniqueIdentifier>{CAB03B16-9AB0-379D-B68E-7011F89F987F}</UniqueIdentifier>
    </Filter>
  </ItemGroup>
</Project>
