Microsoft Visual Studio Solution File, Format Version 12.00
# Visual Studio 15
Project("{8BC9CEB8-8B4A-11D0-8D11-00A0C91BC942}") = "ALL_BUILD", "ALL_BUILD.vcxproj", "{2174B195-EBD9-3242-A051-F14063C2094C}"
	ProjectSection(ProjectDependencies) = postProject
		{4E260DB2-2B79-3975-8100-5ED86A7F0249} = {4E260DB2-2B79-3975-8100-5ED86A7F0249}
		{79B4B1F8-2BAA-3F74-B717-287E30321F5A} = {79B4B1F8-2BAA-3F74-B717-287E30321F5A}
		{AEF2541D-5AF4-342B-8039-D80167C20174} = {AEF2541D-5AF4-342B-8039-D80167C20174}
	EndProjectSection
EndProject
Project("{8BC9CEB8-8B4A-11D0-8D11-00A0C91BC942}") = "INSTALL", "INSTALL.vcxproj", "{179D449C-31C5-312A-893A-7EE4F2461D1D}"
	ProjectSection(ProjectDependencies) = postProject
		{2174B195-EBD9-3242-A051-F14063C2094C} = {2174B195-EBD9-3242-A051-F14063C2094C}
		{4E260DB2-2B79-3975-8100-5ED86A7F0249} = {4E260DB2-2B79-3975-8100-5ED86A7F0249}
	EndProjectSection
EndProject
Project("{8BC9CEB8-8B4A-11D0-8D11-00A0C91BC942}") = "PACKAGE", "PACKAGE.vcxproj", "{9EE004F1-3C16-3BCC-9DE3-03360FD82895}"
	ProjectSection(ProjectDependencies) = postProject
		{2174B195-EBD9-3242-A051-F14063C2094C} = {2174B195-EBD9-3242-A051-F14063C2094C}
		{4E260DB2-2B79-3975-8100-5ED86A7F0249} = {4E260DB2-2B79-3975-8100-5ED86A7F0249}
	EndProjectSection
EndProject
Project("{8BC9CEB8-8B4A-11D0-8D11-00A0C91BC942}") = "ZERO_CHECK", "..\..\\ZERO_CHECK.vcxproj", "{4E260DB2-2B79-3975-8100-5ED86A7F0249}"
	ProjectSection(ProjectDependencies) = postProject
	EndProjectSection
EndProject
Project("{8BC9CEB8-8B4A-11D0-8D11-00A0C91BC942}") = "uv", "uv.vcxproj", "{79B4B1F8-2BAA-3F74-B717-287E30321F5A}"
	ProjectSection(ProjectDependencies) = postProject
		{4E260DB2-2B79-3975-8100-5ED86A7F0249} = {4E260DB2-2B79-3975-8100-5ED86A7F0249}
	EndProjectSection
EndProject
Project("{8BC9CEB8-8B4A-11D0-8D11-00A0C91BC942}") = "uv_a", "uv_a.vcxproj", "{AEF2541D-5AF4-342B-8039-D80167C20174}"
	ProjectSection(ProjectDependencies) = postProject
		{4E260DB2-2B79-3975-8100-5ED86A7F0249} = {4E260DB2-2B79-3975-8100-5ED86A7F0249}
	EndProjectSection
EndProject
Global
	GlobalSection(SolutionConfigurationPlatforms) = preSolution
		Debug|Win32 = Debug|Win32
		Release|Win32 = Release|Win32
		MinSizeRel|Win32 = MinSizeRel|Win32
		RelWithDebInfo|Win32 = RelWithDebInfo|Win32
	EndGlobalSection
	GlobalSection(ProjectConfigurationPlatforms) = postSolution
		{2174B195-EBD9-3242-A051-F14063C2094C}.Debug|Win32.ActiveCfg = Debug|Win32
		{2174B195-EBD9-3242-A051-F14063C2094C}.Debug|Win32.Build.0 = Debug|Win32
		{2174B195-EBD9-3242-A051-F14063C2094C}.Release|Win32.ActiveCfg = Release|Win32
		{2174B195-EBD9-3242-A051-F14063C2094C}.Release|Win32.Build.0 = Release|Win32
		{2174B195-EBD9-3242-A051-F14063C2094C}.MinSizeRel|Win32.ActiveCfg = MinSizeRel|Win32
		{2174B195-EBD9-3242-A051-F14063C2094C}.MinSizeRel|Win32.Build.0 = MinSizeRel|Win32
		{2174B195-EBD9-3242-A051-F14063C2094C}.RelWithDebInfo|Win32.ActiveCfg = RelWithDebInfo|Win32
		{2174B195-EBD9-3242-A051-F14063C2094C}.RelWithDebInfo|Win32.Build.0 = RelWithDebInfo|Win32
		{179D449C-31C5-312A-893A-7EE4F2461D1D}.Debug|Win32.ActiveCfg = Debug|Win32
		{179D449C-31C5-312A-893A-7EE4F2461D1D}.Release|Win32.ActiveCfg = Release|Win32
		{179D449C-31C5-312A-893A-7EE4F2461D1D}.MinSizeRel|Win32.ActiveCfg = MinSizeRel|Win32
		{179D449C-31C5-312A-893A-7EE4F2461D1D}.RelWithDebInfo|Win32.ActiveCfg = RelWithDebInfo|Win32
		{9EE004F1-3C16-3BCC-9DE3-03360FD82895}.Debug|Win32.ActiveCfg = Debug|Win32
		{9EE004F1-3C16-3BCC-9DE3-03360FD82895}.Release|Win32.ActiveCfg = Release|Win32
		{9EE004F1-3C16-3BCC-9DE3-03360FD82895}.MinSizeRel|Win32.ActiveCfg = MinSizeRel|Win32
		{9EE004F1-3C16-3BCC-9DE3-03360FD82895}.RelWithDebInfo|Win32.ActiveCfg = RelWithDebInfo|Win32
		{4E260DB2-2B79-3975-8100-5ED86A7F0249}.Debug|Win32.ActiveCfg = Debug|Win32
		{4E260DB2-2B79-3975-8100-5ED86A7F0249}.Debug|Win32.Build.0 = Debug|Win32
		{4E260DB2-2B79-3975-8100-5ED86A7F0249}.Release|Win32.ActiveCfg = Release|Win32
		{4E260DB2-2B79-3975-8100-5ED86A7F0249}.Release|Win32.Build.0 = Release|Win32
		{4E260DB2-2B79-3975-8100-5ED86A7F0249}.MinSizeRel|Win32.ActiveCfg = MinSizeRel|Win32
		{4E260DB2-2B79-3975-8100-5ED86A7F0249}.MinSizeRel|Win32.Build.0 = MinSizeRel|Win32
		{4E260DB2-2B79-3975-8100-5ED86A7F0249}.RelWithDebInfo|Win32.ActiveCfg = RelWithDebInfo|Win32
		{4E260DB2-2B79-3975-8100-5ED86A7F0249}.RelWithDebInfo|Win32.Build.0 = RelWithDebInfo|Win32
		{79B4B1F8-2BAA-3F74-B717-287E30321F5A}.Debug|Win32.ActiveCfg = Debug|Win32
		{79B4B1F8-2BAA-3F74-B717-287E30321F5A}.Debug|Win32.Build.0 = Debug|Win32
		{79B4B1F8-2BAA-3F74-B717-287E30321F5A}.Release|Win32.ActiveCfg = Release|Win32
		{79B4B1F8-2BAA-3F74-B717-287E30321F5A}.Release|Win32.Build.0 = Release|Win32
		{79B4B1F8-2BAA-3F74-B717-287E30321F5A}.MinSizeRel|Win32.ActiveCfg = MinSizeRel|Win32
		{79B4B1F8-2BAA-3F74-B717-287E30321F5A}.MinSizeRel|Win32.Build.0 = MinSizeRel|Win32
		{79B4B1F8-2BAA-3F74-B717-287E30321F5A}.RelWithDebInfo|Win32.ActiveCfg = RelWithDebInfo|Win32
		{79B4B1F8-2BAA-3F74-B717-287E30321F5A}.RelWithDebInfo|Win32.Build.0 = RelWithDebInfo|Win32
		{AEF2541D-5AF4-342B-8039-D80167C20174}.Debug|Win32.ActiveCfg = Debug|Win32
		{AEF2541D-5AF4-342B-8039-D80167C20174}.Debug|Win32.Build.0 = Debug|Win32
		{AEF2541D-5AF4-342B-8039-D80167C20174}.Release|Win32.ActiveCfg = Release|Win32
		{AEF2541D-5AF4-342B-8039-D80167C20174}.Release|Win32.Build.0 = Release|Win32
		{AEF2541D-5AF4-342B-8039-D80167C20174}.MinSizeRel|Win32.ActiveCfg = MinSizeRel|Win32
		{AEF2541D-5AF4-342B-8039-D80167C20174}.MinSizeRel|Win32.Build.0 = MinSizeRel|Win32
		{AEF2541D-5AF4-342B-8039-D80167C20174}.RelWithDebInfo|Win32.ActiveCfg = RelWithDebInfo|Win32
		{AEF2541D-5AF4-342B-8039-D80167C20174}.RelWithDebInfo|Win32.Build.0 = RelWithDebInfo|Win32
	EndGlobalSection
	GlobalSection(ExtensibilityGlobals) = postSolution
		SolutionGuid = {CD9C2DE7-1639-373D-B5B5-C4C2E61267CC}
	EndGlobalSection
	GlobalSection(ExtensibilityAddIns) = postSolution
	EndGlobalSection
EndGlobal
