Microsoft Visual Studio Solution File, Format Version 12.00
# Visual Studio 15
Project("{8BC9CEB8-8B4A-11D0-8D11-00A0C91BC942}") = "ALL_BUILD", "ALL_BUILD.vcxproj", "{2174B195-EBD9-3242-A051-F14063C2094C}"
	ProjectSection(ProjectDependencies) = postProject
		{1F7D88FC-0BC6-3483-AC44-45FEFDCD6AA4} = {1F7D88FC-0BC6-3483-AC44-45FEFDCD6AA4}
		{4E260DB2-2B79-3975-8100-5ED86A7F0249} = {4E260DB2-2B79-3975-8100-5ED86A7F0249}
	EndProjectSection
EndProject
Project("{8BC9CEB8-8B4A-11D0-8D11-00A0C91BC942}") = "INSTALL", "INSTALL.vcxproj", "{179D449C-31C5-312A-893A-7EE4F2461D1D}"
	ProjectSection(ProjectDependencies) = postProject
		{2174B195-EBD9-3242-A051-F14063C2094C} = {2174B195-EBD9-3242-A051-F14063C2094C}
		{4E260DB2-2B79-3975-8100-5ED86A7F0249} = {4E260DB2-2B79-3975-8100-5ED86A7F0249}
	EndProjectSection
EndProject
Project("{8BC9CEB8-8B4A-11D0-8D11-00A0C91BC942}") = "MDK", "..\ModuleDevelopmentKit\MDK.vcxproj", "{1758EA94-FDFF-3AA1-B572-8A53FE987610}"
	ProjectSection(ProjectDependencies) = postProject
		{4E260DB2-2B79-3975-8100-5ED86A7F0249} = {4E260DB2-2B79-3975-8100-5ED86A7F0249}
		{CDF1EC57-3F6C-31E3-A27B-F2E7D3838B61} = {CDF1EC57-3F6C-31E3-A27B-F2E7D3838B61}
		{C2616825-F1D2-3EA4-A52D-8FAC93908685} = {C2616825-F1D2-3EA4-A52D-8FAC93908685}
		{3436D3FD-FADC-3DB7-B46B-509FBAA903AA} = {3436D3FD-FADC-3DB7-B46B-509FBAA903AA}
		{AEF2541D-5AF4-342B-8039-D80167C20174} = {AEF2541D-5AF4-342B-8039-D80167C20174}
	EndProjectSection
EndProject
Project("{8BC9CEB8-8B4A-11D0-8D11-00A0C91BC942}") = "MasterServer", "MasterServer.vcxproj", "{1F7D88FC-0BC6-3483-AC44-45FEFDCD6AA4}"
	ProjectSection(ProjectDependencies) = postProject
		{1758EA94-FDFF-3AA1-B572-8A53FE987610} = {1758EA94-FDFF-3AA1-B572-8A53FE987610}
		{4E260DB2-2B79-3975-8100-5ED86A7F0249} = {4E260DB2-2B79-3975-8100-5ED86A7F0249}
		{CDF1EC57-3F6C-31E3-A27B-F2E7D3838B61} = {CDF1EC57-3F6C-31E3-A27B-F2E7D3838B61}
		{C2616825-F1D2-3EA4-A52D-8FAC93908685} = {C2616825-F1D2-3EA4-A52D-8FAC93908685}
		{3436D3FD-FADC-3DB7-B46B-509FBAA903AA} = {3436D3FD-FADC-3DB7-B46B-509FBAA903AA}
		{AEF2541D-5AF4-342B-8039-D80167C20174} = {AEF2541D-5AF4-342B-8039-D80167C20174}
	EndProjectSection
EndProject
Project("{8BC9CEB8-8B4A-11D0-8D11-00A0C91BC942}") = "PACKAGE", "PACKAGE.vcxproj", "{9EE004F1-3C16-3BCC-9DE3-03360FD82895}"
	ProjectSection(ProjectDependencies) = postProject
		{2174B195-EBD9-3242-A051-F14063C2094C} = {2174B195-EBD9-3242-A051-F14063C2094C}
		{4E260DB2-2B79-3975-8100-5ED86A7F0249} = {4E260DB2-2B79-3975-8100-5ED86A7F0249}
	EndProjectSection
EndProject
Project("{8BC9CEB8-8B4A-11D0-8D11-00A0C91BC942}") = "ZERO_CHECK", "..\\ZERO_CHECK.vcxproj", "{4E260DB2-2B79-3975-8100-5ED86A7F0249}"
	ProjectSection(ProjectDependencies) = postProject
	EndProjectSection
EndProject
Project("{8BC9CEB8-8B4A-11D0-8D11-00A0C91BC942}") = "libmariadb", "..\ModuleDevelopmentKit\mariadb-connector-c\libmariadb\libmariadb.vcxproj", "{CDF1EC57-3F6C-31E3-A27B-F2E7D3838B61}"
	ProjectSection(ProjectDependencies) = postProject
		{4E260DB2-2B79-3975-8100-5ED86A7F0249} = {4E260DB2-2B79-3975-8100-5ED86A7F0249}
		{C2616825-F1D2-3EA4-A52D-8FAC93908685} = {C2616825-F1D2-3EA4-A52D-8FAC93908685}
	EndProjectSection
EndProject
Project("{8BC9CEB8-8B4A-11D0-8D11-00A0C91BC942}") = "mariadbclient", "..\ModuleDevelopmentKit\mariadb-connector-c\libmariadb\mariadbclient.vcxproj", "{C2616825-F1D2-3EA4-A52D-8FAC93908685}"
	ProjectSection(ProjectDependencies) = postProject
		{4E260DB2-2B79-3975-8100-5ED86A7F0249} = {4E260DB2-2B79-3975-8100-5ED86A7F0249}
	EndProjectSection
EndProject
Project("{8BC9CEB8-8B4A-11D0-8D11-00A0C91BC942}") = "sqlite3", "..\ModuleDevelopmentKit\sqlite3\sqlite3.vcxproj", "{3436D3FD-FADC-3DB7-B46B-509FBAA903AA}"
	ProjectSection(ProjectDependencies) = postProject
		{4E260DB2-2B79-3975-8100-5ED86A7F0249} = {4E260DB2-2B79-3975-8100-5ED86A7F0249}
	EndProjectSection
EndProject
Project("{8BC9CEB8-8B4A-11D0-8D11-00A0C91BC942}") = "uv_a", "..\ModuleDevelopmentKit\libuv\uv_a.vcxproj", "{AEF2541D-5AF4-342B-8039-D80167C20174}"
	ProjectSection(ProjectDependencies) = postProject
		{4E260DB2-2B79-3975-8100-5ED86A7F0249} = {4E260DB2-2B79-3975-8100-5ED86A7F0249}
	EndProjectSection
EndProject
Global
	GlobalSection(SolutionConfigurationPlatforms) = preSolution
		Debug|Win32 = Debug|Win32
		Release|Win32 = Release|Win32
		MinSizeRel|Win32 = MinSizeRel|Win32
		RelWithDebInfo|Win32 = RelWithDebInfo|Win32
	EndGlobalSection
	GlobalSection(ProjectConfigurationPlatforms) = postSolution
		{2174B195-EBD9-3242-A051-F14063C2094C}.Debug|Win32.ActiveCfg = Debug|Win32
		{2174B195-EBD9-3242-A051-F14063C2094C}.Debug|Win32.Build.0 = Debug|Win32
		{2174B195-EBD9-3242-A051-F14063C2094C}.Release|Win32.ActiveCfg = Release|Win32
		{2174B195-EBD9-3242-A051-F14063C2094C}.Release|Win32.Build.0 = Release|Win32
		{2174B195-EBD9-3242-A051-F14063C2094C}.MinSizeRel|Win32.ActiveCfg = MinSizeRel|Win32
		{2174B195-EBD9-3242-A051-F14063C2094C}.MinSizeRel|Win32.Build.0 = MinSizeRel|Win32
		{2174B195-EBD9-3242-A051-F14063C2094C}.RelWithDebInfo|Win32.ActiveCfg = RelWithDebInfo|Win32
		{2174B195-EBD9-3242-A051-F14063C2094C}.RelWithDebInfo|Win32.Build.0 = RelWithDebInfo|Win32
		{179D449C-31C5-312A-893A-7EE4F2461D1D}.Debug|Win32.ActiveCfg = Debug|Win32
		{179D449C-31C5-312A-893A-7EE4F2461D1D}.Release|Win32.ActiveCfg = Release|Win32
		{179D449C-31C5-312A-893A-7EE4F2461D1D}.MinSizeRel|Win32.ActiveCfg = MinSizeRel|Win32
		{179D449C-31C5-312A-893A-7EE4F2461D1D}.RelWithDebInfo|Win32.ActiveCfg = RelWithDebInfo|Win32
		{1758EA94-FDFF-3AA1-B572-8A53FE987610}.Debug|Win32.ActiveCfg = Debug|Win32
		{1758EA94-FDFF-3AA1-B572-8A53FE987610}.Debug|Win32.Build.0 = Debug|Win32
		{1758EA94-FDFF-3AA1-B572-8A53FE987610}.Release|Win32.ActiveCfg = Release|Win32
		{1758EA94-FDFF-3AA1-B572-8A53FE987610}.Release|Win32.Build.0 = Release|Win32
		{1758EA94-FDFF-3AA1-B572-8A53FE987610}.MinSizeRel|Win32.ActiveCfg = MinSizeRel|Win32
		{1758EA94-FDFF-3AA1-B572-8A53FE987610}.MinSizeRel|Win32.Build.0 = MinSizeRel|Win32
		{1758EA94-FDFF-3AA1-B572-8A53FE987610}.RelWithDebInfo|Win32.ActiveCfg = RelWithDebInfo|Win32
		{1758EA94-FDFF-3AA1-B572-8A53FE987610}.RelWithDebInfo|Win32.Build.0 = RelWithDebInfo|Win32
		{1F7D88FC-0BC6-3483-AC44-45FEFDCD6AA4}.Debug|Win32.ActiveCfg = Debug|Win32
		{1F7D88FC-0BC6-3483-AC44-45FEFDCD6AA4}.Debug|Win32.Build.0 = Debug|Win32
		{1F7D88FC-0BC6-3483-AC44-45FEFDCD6AA4}.Release|Win32.ActiveCfg = Release|Win32
		{1F7D88FC-0BC6-3483-AC44-45FEFDCD6AA4}.Release|Win32.Build.0 = Release|Win32
		{1F7D88FC-0BC6-3483-AC44-45FEFDCD6AA4}.MinSizeRel|Win32.ActiveCfg = MinSizeRel|Win32
		{1F7D88FC-0BC6-3483-AC44-45FEFDCD6AA4}.MinSizeRel|Win32.Build.0 = MinSizeRel|Win32
		{1F7D88FC-0BC6-3483-AC44-45FEFDCD6AA4}.RelWithDebInfo|Win32.ActiveCfg = RelWithDebInfo|Win32
		{1F7D88FC-0BC6-3483-AC44-45FEFDCD6AA4}.RelWithDebInfo|Win32.Build.0 = RelWithDebInfo|Win32
		{9EE004F1-3C16-3BCC-9DE3-03360FD82895}.Debug|Win32.ActiveCfg = Debug|Win32
		{9EE004F1-3C16-3BCC-9DE3-03360FD82895}.Release|Win32.ActiveCfg = Release|Win32
		{9EE004F1-3C16-3BCC-9DE3-03360FD82895}.MinSizeRel|Win32.ActiveCfg = MinSizeRel|Win32
		{9EE004F1-3C16-3BCC-9DE3-03360FD82895}.RelWithDebInfo|Win32.ActiveCfg = RelWithDebInfo|Win32
		{4E260DB2-2B79-3975-8100-5ED86A7F0249}.Debug|Win32.ActiveCfg = Debug|Win32
		{4E260DB2-2B79-3975-8100-5ED86A7F0249}.Debug|Win32.Build.0 = Debug|Win32
		{4E260DB2-2B79-3975-8100-5ED86A7F0249}.Release|Win32.ActiveCfg = Release|Win32
		{4E260DB2-2B79-3975-8100-5ED86A7F0249}.Release|Win32.Build.0 = Release|Win32
		{4E260DB2-2B79-3975-8100-5ED86A7F0249}.MinSizeRel|Win32.ActiveCfg = MinSizeRel|Win32
		{4E260DB2-2B79-3975-8100-5ED86A7F0249}.MinSizeRel|Win32.Build.0 = MinSizeRel|Win32
		{4E260DB2-2B79-3975-8100-5ED86A7F0249}.RelWithDebInfo|Win32.ActiveCfg = RelWithDebInfo|Win32
		{4E260DB2-2B79-3975-8100-5ED86A7F0249}.RelWithDebInfo|Win32.Build.0 = RelWithDebInfo|Win32
		{CDF1EC57-3F6C-31E3-A27B-F2E7D3838B61}.Debug|Win32.ActiveCfg = Debug|Win32
		{CDF1EC57-3F6C-31E3-A27B-F2E7D3838B61}.Debug|Win32.Build.0 = Debug|Win32
		{CDF1EC57-3F6C-31E3-A27B-F2E7D3838B61}.Release|Win32.ActiveCfg = Release|Win32
		{CDF1EC57-3F6C-31E3-A27B-F2E7D3838B61}.Release|Win32.Build.0 = Release|Win32
		{CDF1EC57-3F6C-31E3-A27B-F2E7D3838B61}.MinSizeRel|Win32.ActiveCfg = MinSizeRel|Win32
		{CDF1EC57-3F6C-31E3-A27B-F2E7D3838B61}.MinSizeRel|Win32.Build.0 = MinSizeRel|Win32
		{CDF1EC57-3F6C-31E3-A27B-F2E7D3838B61}.RelWithDebInfo|Win32.ActiveCfg = RelWithDebInfo|Win32
		{CDF1EC57-3F6C-31E3-A27B-F2E7D3838B61}.RelWithDebInfo|Win32.Build.0 = RelWithDebInfo|Win32
		{C2616825-F1D2-3EA4-A52D-8FAC93908685}.Debug|Win32.ActiveCfg = Debug|Win32
		{C2616825-F1D2-3EA4-A52D-8FAC93908685}.Debug|Win32.Build.0 = Debug|Win32
		{C2616825-F1D2-3EA4-A52D-8FAC93908685}.Release|Win32.ActiveCfg = Release|Win32
		{C2616825-F1D2-3EA4-A52D-8FAC93908685}.Release|Win32.Build.0 = Release|Win32
		{C2616825-F1D2-3EA4-A52D-8FAC93908685}.MinSizeRel|Win32.ActiveCfg = MinSizeRel|Win32
		{C2616825-F1D2-3EA4-A52D-8FAC93908685}.MinSizeRel|Win32.Build.0 = MinSizeRel|Win32
		{C2616825-F1D2-3EA4-A52D-8FAC93908685}.RelWithDebInfo|Win32.ActiveCfg = RelWithDebInfo|Win32
		{C2616825-F1D2-3EA4-A52D-8FAC93908685}.RelWithDebInfo|Win32.Build.0 = RelWithDebInfo|Win32
		{3436D3FD-FADC-3DB7-B46B-509FBAA903AA}.Debug|Win32.ActiveCfg = Debug|Win32
		{3436D3FD-FADC-3DB7-B46B-509FBAA903AA}.Debug|Win32.Build.0 = Debug|Win32
		{3436D3FD-FADC-3DB7-B46B-509FBAA903AA}.Release|Win32.ActiveCfg = Release|Win32
		{3436D3FD-FADC-3DB7-B46B-509FBAA903AA}.Release|Win32.Build.0 = Release|Win32
		{3436D3FD-FADC-3DB7-B46B-509FBAA903AA}.MinSizeRel|Win32.ActiveCfg = MinSizeRel|Win32
		{3436D3FD-FADC-3DB7-B46B-509FBAA903AA}.MinSizeRel|Win32.Build.0 = MinSizeRel|Win32
		{3436D3FD-FADC-3DB7-B46B-509FBAA903AA}.RelWithDebInfo|Win32.ActiveCfg = RelWithDebInfo|Win32
		{3436D3FD-FADC-3DB7-B46B-509FBAA903AA}.RelWithDebInfo|Win32.Build.0 = RelWithDebInfo|Win32
		{AEF2541D-5AF4-342B-8039-D80167C20174}.Debug|Win32.ActiveCfg = Debug|Win32
		{AEF2541D-5AF4-342B-8039-D80167C20174}.Debug|Win32.Build.0 = Debug|Win32
		{AEF2541D-5AF4-342B-8039-D80167C20174}.Release|Win32.ActiveCfg = Release|Win32
		{AEF2541D-5AF4-342B-8039-D80167C20174}.Release|Win32.Build.0 = Release|Win32
		{AEF2541D-5AF4-342B-8039-D80167C20174}.MinSizeRel|Win32.ActiveCfg = MinSizeRel|Win32
		{AEF2541D-5AF4-342B-8039-D80167C20174}.MinSizeRel|Win32.Build.0 = MinSizeRel|Win32
		{AEF2541D-5AF4-342B-8039-D80167C20174}.RelWithDebInfo|Win32.ActiveCfg = RelWithDebInfo|Win32
		{AEF2541D-5AF4-342B-8039-D80167C20174}.RelWithDebInfo|Win32.Build.0 = RelWithDebInfo|Win32
	EndGlobalSection
	GlobalSection(ExtensibilityGlobals) = postSolution
		SolutionGuid = {CC03F046-C953-36FD-9132-BE9FB033B372}
	EndGlobalSection
	GlobalSection(ExtensibilityAddIns) = postSolution
	EndGlobalSection
EndGlobal
